
Microsoft Visual Studio Solution File, Format Version 12.00
# Visual Studio Version 17
VisualStudioVersion = 17.0.31903.59
MinimumVisualStudioVersion = 10.0.40219.1
Project("{2150E333-8FDC-42A3-9474-1A3956D46DE8}") = "src", "src", "{E39815DE-B991-4B94-B7D7-54CA11479E6C}"
EndProject
Project("{2150E333-8FDC-42A3-9474-1A3956D46DE8}") = "BuildingBlocks", "BuildingBlocks", "{BF032C65-A6F6-434F-8EFB-D478DD78105A}"
EndProject
Project("{FAE04EC0-301F-11D3-BF4B-00C04F79EFBC}") = "BuildingBlocks.Abstractions", "src\BuildingBlocks\Abstractions\BuildingBlocks.Abstractions.csproj", "{C88B90E0-0A68-4D40-83ED-226CC5119756}"
EndProject
Project("{FAE04EC0-301F-11D3-BF4B-00C04F79EFBC}") = "BuildingBlocks.Domain", "src\BuildingBlocks\Domain\BuildingBlocks.Domain.csproj", "{1FBD1F49-6DB3-4BEB-8089-6DD4E2667C5E}"
EndProject
Project("{FAE04EC0-301F-11D3-BF4B-00C04F79EFBC}") = "BuildingBlocks.Infrastructure", "src\BuildingBlocks\Infrastructure\BuildingBlocks.Infrastructure.csproj", "{F15B0E45-34A8-477D-B203-A56F9DD4BD1F}"
EndProject
Project("{FAE04EC0-301F-11D3-BF4B-00C04F79EFBC}") = "BuildingBlocks.Web", "src\BuildingBlocks\Web\BuildingBlocks.Web.csproj", "{A569155A-37EB-4B30-A43B-AE148174CF91}"
EndProject
Project("{2150E333-8FDC-42A3-9474-1A3956D46DE8}") = "Modules", "Modules", "{42CFD921-F454-4108-8203-4AD0B850E822}"
EndProject
Project("{2150E333-8FDC-42A3-9474-1A3956D46DE8}") = "Catalog", "Catalog", "{A6E97E5D-0201-46A9-A4EE-2BA1E3ED2C88}"
EndProject
Project("{FAE04EC0-301F-11D3-BF4B-00C04F79EFBC}") = "Catalog.Domain", "src\Modules\Catalog\Catalog.Domain\Catalog.Domain.csproj", "{ADC19659-82BD-4F2A-8948-EE85F85918B5}"
EndProject
Project("{FAE04EC0-301F-11D3-BF4B-00C04F79EFBC}") = "Catalog.Application", "src\Modules\Catalog\Catalog.Application\Catalog.Application.csproj", "{78ABA5E7-2402-41B7-9296-5B15BF95016F}"
EndProject
Project("{FAE04EC0-301F-11D3-BF4B-00C04F79EFBC}") = "Catalog.Infrastructure", "src\Modules\Catalog\Catalog.Infrastructure\Catalog.Infrastructure.csproj", "{DA54A1C1-6799-4B17-9598-F432EC357464}"
EndProject
Project("{FAE04EC0-301F-11D3-BF4B-00C04F79EFBC}") = "Catalog.Api", "src\Modules\Catalog\Catalog.Api\Catalog.Api.csproj", "{EA896719-526F-42A6-B794-C03946577ABE}"
EndProject
Project("{2150E333-8FDC-42A3-9474-1A3956D46DE8}") = "Sales", "Sales", "{B577E0D9-26BA-4B7C-A904-70FB57EC28BC}"
EndProject
Project("{FAE04EC0-301F-11D3-BF4B-00C04F79EFBC}") = "Sales.Domain", "src\Modules\Sales\Sales.Domain\Sales.Domain.csproj", "{9A445F92-C717-4DC6-8C95-CCFAF0B94826}"
EndProject
Project("{FAE04EC0-301F-11D3-BF4B-00C04F79EFBC}") = "Sales.Application", "src\Modules\Sales\Sales.Application\Sales.Application.csproj", "{B00BE706-9FA6-49DC-8CF2-C831113F6E47}"
EndProject
Project("{FAE04EC0-301F-11D3-BF4B-00C04F79EFBC}") = "Sales.Infrastructure", "src\Modules\Sales\Sales.Infrastructure\Sales.Infrastructure.csproj", "{426FB16A-0C0B-4363-967F-AA4859131A90}"
EndProject
Project("{FAE04EC0-301F-11D3-BF4B-00C04F79EFBC}") = "Sales.Api", "src\Modules\Sales\Sales.Api\Sales.Api.csproj", "{1EB03DDC-D6D8-4ADC-90CD-FB06F717490F}"
EndProject
Project("{2150E333-8FDC-42A3-9474-1A3956D46DE8}") = "Identity", "Identity", "{9F25EC71-0F9D-4AB9-B3EF-50E2B51763D0}"
EndProject
Project("{FAE04EC0-301F-11D3-BF4B-00C04F79EFBC}") = "Identity.Domain", "src\Modules\Identity\Identity.Domain\Identity.Domain.csproj", "{3B7482D4-311A-4DB8-89B5-2EF2DF8729F1}"
EndProject
Project("{FAE04EC0-301F-11D3-BF4B-00C04F79EFBC}") = "Identity.Application", "src\Modules\Identity\Identity.Application\Identity.Application.csproj", "{50B54CEC-3E77-435A-9483-5603D2E7553E}"
EndProject
Project("{FAE04EC0-301F-11D3-BF4B-00C04F79EFBC}") = "Identity.Infrastructure", "src\Modules\Identity\Identity.Infrastructure\Identity.Infrastructure.csproj", "{14BF586F-BA4D-458E-917F-85214E092C5A}"
EndProject
Project("{FAE04EC0-301F-11D3-BF4B-00C04F79EFBC}") = "Identity.Api", "src\Modules\Identity\Identity.Api\Identity.Api.csproj", "{D37D20B4-639B-4783-B4B5-2C1D8811EC0D}"
EndProject
Project("{FAE04EC0-301F-11D3-BF4B-00C04F79EFBC}") = "Host", "src\Host\Host.csproj", "{706D9660-0657-4219-9CB9-472D58C8DE24}"
EndProject
Global
	GlobalSection(SolutionConfigurationPlatforms) = preSolution
		Debug|Any CPU = Debug|Any CPU
		Release|Any CPU = Release|Any CPU
	EndGlobalSection
	GlobalSection(SolutionProperties) = preSolution
		HideSolutionNode = FALSE
	EndGlobalSection
	GlobalSection(ProjectConfigurationPlatforms) = postSolution
		{C88B90E0-0A68-4D40-83ED-226CC5119756}.Debug|Any CPU.ActiveCfg = Debug|Any CPU
		{C88B90E0-0A68-4D40-83ED-226CC5119756}.Debug|Any CPU.Build.0 = Debug|Any CPU
		{C88B90E0-0A68-4D40-83ED-226CC5119756}.Release|Any CPU.ActiveCfg = Release|Any CPU
		{C88B90E0-0A68-4D40-83ED-226CC5119756}.Release|Any CPU.Build.0 = Release|Any CPU
		{1FBD1F49-6DB3-4BEB-8089-6DD4E2667C5E}.Debug|Any CPU.ActiveCfg = Debug|Any CPU
		{1FBD1F49-6DB3-4BEB-8089-6DD4E2667C5E}.Debug|Any CPU.Build.0 = Debug|Any CPU
		{1FBD1F49-6DB3-4BEB-8089-6DD4E2667C5E}.Release|Any CPU.ActiveCfg = Release|Any CPU
		{1FBD1F49-6DB3-4BEB-8089-6DD4E2667C5E}.Release|Any CPU.Build.0 = Release|Any CPU
		{F15B0E45-34A8-477D-B203-A56F9DD4BD1F}.Debug|Any CPU.ActiveCfg = Debug|Any CPU
		{F15B0E45-34A8-477D-B203-A56F9DD4BD1F}.Debug|Any CPU.Build.0 = Debug|Any CPU
		{F15B0E45-34A8-477D-B203-A56F9DD4BD1F}.Release|Any CPU.ActiveCfg = Release|Any CPU
		{F15B0E45-34A8-477D-B203-A56F9DD4BD1F}.Release|Any CPU.Build.0 = Release|Any CPU
		{A569155A-37EB-4B30-A43B-AE148174CF91}.Debug|Any CPU.ActiveCfg = Debug|Any CPU
		{A569155A-37EB-4B30-A43B-AE148174CF91}.Debug|Any CPU.Build.0 = Debug|Any CPU
		{A569155A-37EB-4B30-A43B-AE148174CF91}.Release|Any CPU.ActiveCfg = Release|Any CPU
		{A569155A-37EB-4B30-A43B-AE148174CF91}.Release|Any CPU.Build.0 = Release|Any CPU
		{ADC19659-82BD-4F2A-8948-EE85F85918B5}.Debug|Any CPU.ActiveCfg = Debug|Any CPU
		{ADC19659-82BD-4F2A-8948-EE85F85918B5}.Debug|Any CPU.Build.0 = Debug|Any CPU
		{ADC19659-82BD-4F2A-8948-EE85F85918B5}.Release|Any CPU.ActiveCfg = Release|Any CPU
		{ADC19659-82BD-4F2A-8948-EE85F85918B5}.Release|Any CPU.Build.0 = Release|Any CPU
		{78ABA5E7-2402-41B7-9296-5B15BF95016F}.Debug|Any CPU.ActiveCfg = Debug|Any CPU
		{78ABA5E7-2402-41B7-9296-5B15BF95016F}.Debug|Any CPU.Build.0 = Debug|Any CPU
		{78ABA5E7-2402-41B7-9296-5B15BF95016F}.Release|Any CPU.ActiveCfg = Release|Any CPU
		{78ABA5E7-2402-41B7-9296-5B15BF95016F}.Release|Any CPU.Build.0 = Release|Any CPU
		{DA54A1C1-6799-4B17-9598-F432EC357464}.Debug|Any CPU.ActiveCfg = Debug|Any CPU
		{DA54A1C1-6799-4B17-9598-F432EC357464}.Debug|Any CPU.Build.0 = Debug|Any CPU
		{DA54A1C1-6799-4B17-9598-F432EC357464}.Release|Any CPU.ActiveCfg = Release|Any CPU
		{DA54A1C1-6799-4B17-9598-F432EC357464}.Release|Any CPU.Build.0 = Release|Any CPU
		{EA896719-526F-42A6-B794-C03946577ABE}.Debug|Any CPU.ActiveCfg = Debug|Any CPU
		{EA896719-526F-42A6-B794-C03946577ABE}.Debug|Any CPU.Build.0 = Debug|Any CPU
		{EA896719-526F-42A6-B794-C03946577ABE}.Release|Any CPU.ActiveCfg = Release|Any CPU
		{EA896719-526F-42A6-B794-C03946577ABE}.Release|Any CPU.Build.0 = Release|Any CPU
		{9A445F92-C717-4DC6-8C95-CCFAF0B94826}.Debug|Any CPU.ActiveCfg = Debug|Any CPU
		{9A445F92-C717-4DC6-8C95-CCFAF0B94826}.Debug|Any CPU.Build.0 = Debug|Any CPU
		{9A445F92-C717-4DC6-8C95-CCFAF0B94826}.Release|Any CPU.ActiveCfg = Release|Any CPU
		{9A445F92-C717-4DC6-8C95-CCFAF0B94826}.Release|Any CPU.Build.0 = Release|Any CPU
		{B00BE706-9FA6-49DC-8CF2-C831113F6E47}.Debug|Any CPU.ActiveCfg = Debug|Any CPU
		{B00BE706-9FA6-49DC-8CF2-C831113F6E47}.Debug|Any CPU.Build.0 = Debug|Any CPU
		{B00BE706-9FA6-49DC-8CF2-C831113F6E47}.Release|Any CPU.ActiveCfg = Release|Any CPU
		{B00BE706-9FA6-49DC-8CF2-C831113F6E47}.Release|Any CPU.Build.0 = Release|Any CPU
		{426FB16A-0C0B-4363-967F-AA4859131A90}.Debug|Any CPU.ActiveCfg = Debug|Any CPU
		{426FB16A-0C0B-4363-967F-AA4859131A90}.Debug|Any CPU.Build.0 = Debug|Any CPU
		{426FB16A-0C0B-4363-967F-AA4859131A90}.Release|Any CPU.ActiveCfg = Release|Any CPU
		{426FB16A-0C0B-4363-967F-AA4859131A90}.Release|Any CPU.Build.0 = Release|Any CPU
		{1EB03DDC-D6D8-4ADC-90CD-FB06F717490F}.Debug|Any CPU.ActiveCfg = Debug|Any CPU
		{1EB03DDC-D6D8-4ADC-90CD-FB06F717490F}.Debug|Any CPU.Build.0 = Debug|Any CPU
		{1EB03DDC-D6D8-4ADC-90CD-FB06F717490F}.Release|Any CPU.ActiveCfg = Release|Any CPU
		{1EB03DDC-D6D8-4ADC-90CD-FB06F717490F}.Release|Any CPU.Build.0 = Release|Any CPU
		{3B7482D4-311A-4DB8-89B5-2EF2DF8729F1}.Debug|Any CPU.ActiveCfg = Debug|Any CPU
		{3B7482D4-311A-4DB8-89B5-2EF2DF8729F1}.Debug|Any CPU.Build.0 = Debug|Any CPU
		{3B7482D4-311A-4DB8-89B5-2EF2DF8729F1}.Release|Any CPU.ActiveCfg = Release|Any CPU
		{3B7482D4-311A-4DB8-89B5-2EF2DF8729F1}.Release|Any CPU.Build.0 = Release|Any CPU
		{50B54CEC-3E77-435A-9483-5603D2E7553E}.Debug|Any CPU.ActiveCfg = Debug|Any CPU
		{50B54CEC-3E77-435A-9483-5603D2E7553E}.Debug|Any CPU.Build.0 = Debug|Any CPU
		{50B54CEC-3E77-435A-9483-5603D2E7553E}.Release|Any CPU.ActiveCfg = Release|Any CPU
		{50B54CEC-3E77-435A-9483-5603D2E7553E}.Release|Any CPU.Build.0 = Release|Any CPU
		{14BF586F-BA4D-458E-917F-85214E092C5A}.Debug|Any CPU.ActiveCfg = Debug|Any CPU
		{14BF586F-BA4D-458E-917F-85214E092C5A}.Debug|Any CPU.Build.0 = Debug|Any CPU
		{14BF586F-BA4D-458E-917F-85214E092C5A}.Release|Any CPU.ActiveCfg = Release|Any CPU
		{14BF586F-BA4D-458E-917F-85214E092C5A}.Release|Any CPU.Build.0 = Release|Any CPU
		{D37D20B4-639B-4783-B4B5-2C1D8811EC0D}.Debug|Any CPU.ActiveCfg = Debug|Any CPU
		{D37D20B4-639B-4783-B4B5-2C1D8811EC0D}.Debug|Any CPU.Build.0 = Debug|Any CPU
		{D37D20B4-639B-4783-B4B5-2C1D8811EC0D}.Release|Any CPU.ActiveCfg = Release|Any CPU
		{D37D20B4-639B-4783-B4B5-2C1D8811EC0D}.Release|Any CPU.Build.0 = Release|Any CPU
		{706D9660-0657-4219-9CB9-472D58C8DE24}.Debug|Any CPU.ActiveCfg = Debug|Any CPU
		{706D9660-0657-4219-9CB9-472D58C8DE24}.Debug|Any CPU.Build.0 = Debug|Any CPU
		{706D9660-0657-4219-9CB9-472D58C8DE24}.Release|Any CPU.ActiveCfg = Release|Any CPU
		{706D9660-0657-4219-9CB9-472D58C8DE24}.Release|Any CPU.Build.0 = Release|Any CPU
	EndGlobalSection
	GlobalSection(NestedProjects) = preSolution
		{BF032C65-A6F6-434F-8EFB-D478DD78105A} = {E39815DE-B991-4B94-B7D7-54CA11479E6C}
		{C88B90E0-0A68-4D40-83ED-226CC5119756} = {BF032C65-A6F6-434F-8EFB-D478DD78105A}
		{1FBD1F49-6DB3-4BEB-8089-6DD4E2667C5E} = {BF032C65-A6F6-434F-8EFB-D478DD78105A}
		{F15B0E45-34A8-477D-B203-A56F9DD4BD1F} = {BF032C65-A6F6-434F-8EFB-D478DD78105A}
		{A569155A-37EB-4B30-A43B-AE148174CF91} = {BF032C65-A6F6-434F-8EFB-D478DD78105A}
		{42CFD921-F454-4108-8203-4AD0B850E822} = {E39815DE-B991-4B94-B7D7-54CA11479E6C}
		{A6E97E5D-0201-46A9-A4EE-2BA1E3ED2C88} = {42CFD921-F454-4108-8203-4AD0B850E822}
		{ADC19659-82BD-4F2A-8948-EE85F85918B5} = {A6E97E5D-0201-46A9-A4EE-2BA1E3ED2C88}
		{78ABA5E7-2402-41B7-9296-5B15BF95016F} = {A6E97E5D-0201-46A9-A4EE-2BA1E3ED2C88}
		{DA54A1C1-6799-4B17-9598-F432EC357464} = {A6E97E5D-0201-46A9-A4EE-2BA1E3ED2C88}
		{EA896719-526F-42A6-B794-C03946577ABE} = {A6E97E5D-0201-46A9-A4EE-2BA1E3ED2C88}
		{B577E0D9-26BA-4B7C-A904-70FB57EC28BC} = {42CFD921-F454-4108-8203-4AD0B850E822}
		{9A445F92-C717-4DC6-8C95-CCFAF0B94826} = {B577E0D9-26BA-4B7C-A904-70FB57EC28BC}
		{B00BE706-9FA6-49DC-8CF2-C831113F6E47} = {B577E0D9-26BA-4B7C-A904-70FB57EC28BC}
		{426FB16A-0C0B-4363-967F-AA4859131A90} = {B577E0D9-26BA-4B7C-A904-70FB57EC28BC}
		{1EB03DDC-D6D8-4ADC-90CD-FB06F717490F} = {B577E0D9-26BA-4B7C-A904-70FB57EC28BC}
		{9F25EC71-0F9D-4AB9-B3EF-50E2B51763D0} = {42CFD921-F454-4108-8203-4AD0B850E822}
		{3B7482D4-311A-4DB8-89B5-2EF2DF8729F1} = {9F25EC71-0F9D-4AB9-B3EF-50E2B51763D0}
		{50B54CEC-3E77-435A-9483-5603D2E7553E} = {9F25EC71-0F9D-4AB9-B3EF-50E2B51763D0}
		{14BF586F-BA4D-458E-917F-85214E092C5A} = {9F25EC71-0F9D-4AB9-B3EF-50E2B51763D0}
		{D37D20B4-639B-4783-B4B5-2C1D8811EC0D} = {9F25EC71-0F9D-4AB9-B3EF-50E2B51763D0}
		{706D9660-0657-4219-9CB9-472D58C8DE24} = {E39815DE-B991-4B94-B7D7-54CA11479E6C}
	EndGlobalSection
EndGlobal
